
Microsoft Visual Studio Solution File, Format Version 12.00
# Visual Studio Version 16
VisualStudioVersion = 16.0.31112.23
MinimumVisualStudioVersion = 10.0.40219.1
Project("{8BC9CEB8-8B4A-11D0-8D11-00A0C91BC942}") = "MiniclipChallenge", "MiniclipChallenge\MiniclipChallenge.vcxproj", "{CFF9BE0A-1CB8-437D-ADF2-613BE4F74205}"
EndProject
Global
	GlobalSection(SolutionConfigurationPlatforms) = preSolution
		Debug|x64 = Debug|x64
		Debug|x86 = Debug|x86
		Release|x64 = Release|x64
		Release|x86 = Release|x86
	EndGlobalSection
	GlobalSection(ProjectConfigurationPlatforms) = postSolution
		{CFF9BE0A-1CB8-437D-ADF2-613BE4F74205}.Debug|x64.ActiveCfg = Debug|x64
		{CFF9BE0A-1CB8-437D-ADF2-613BE4F74205}.Debug|x64.Build.0 = Debug|x64
		{CFF9BE0A-1CB8-437D-ADF2-613BE4F74205}.Debug|x86.ActiveCfg = Debug|Win32
		{CFF9BE0A-1CB8-437D-ADF2-613BE4F74205}.Debug|x86.Build.0 = Debug|Win32
		{CFF9BE0A-1CB8-437D-ADF2-613BE4F74205}.Release|x64.ActiveCfg = Release|x64
		{CFF9BE0A-1CB8-437D-ADF2-613BE4F74205}.Release|x64.Build.0 = Release|x64
		{CFF9BE0A-1CB8-437D-ADF2-613BE4F74205}.Release|x86.ActiveCfg = Release|Win32
		{CFF9BE0A-1CB8-437D-ADF2-613BE4F74205}.Release|x86.Build.0 = Release|Win32
	EndGlobalSection
	GlobalSection(SolutionProperties) = preSolution
		HideSolutionNode = FALSE
	EndGlobalSection
	GlobalSection(ExtensibilityGlobals) = postSolution
		SolutionGuid = {FA57061F-A5F0-4289-A034-80E0AD2D01A5}
	EndGlobalSection
EndGlobal
