<?xml version="1.0" encoding="utf-8"?>
<Project ToolsVersion="4.0" xmlns="http://schemas.microsoft.com/developer/msbuild/2003">
  <ItemGroup>
    <Filter Include="src">
      <UniqueIdentifier>{4FC737F1-C7A5-4376-A066-2A32D752A2FF}</UniqueIdentifier>
      <Extensions>cpp;c;cc;cxx;c++;cppm;ixx;def;odl;idl;hpj;bat;asm;asmx</Extensions>
    </Filter>
    <Filter Include="res">
      <UniqueIdentifier>{67DA6AB6-F800-4c08-8B7A-83BB121AAD01}</UniqueIdentifier>
      <Extensions>rc;ico;cur;bmp;dlg;rc2;rct;bin;rgs;gif;jpg;jpeg;jpe;resx;tiff;tif;png;wav;mfcribbon-ms</Extensions>
    </Filter>
    <Filter Include="res\images">
      <UniqueIdentifier>{efdacea8-0294-4bbd-8e87-b6c297d320a0}</UniqueIdentifier>
    </Filter>
    <Filter Include="res\fonts">
      <UniqueIdentifier>{8f615dc1-95d4-4c6d-9cca-36694d8514c3}</UniqueIdentifier>
    </Filter>
    <Filter Include="res\sounds">
      <UniqueIdentifier>{9ab3b015-d799-41df-b9f7-29f3c50cddfa}</UniqueIdentifier>
    </Filter>
    <Filter Include="src\gameObjects">
      <UniqueIdentifier>{9a87590a-dac8-4316-a4ac-b95e2dde3370}</UniqueIdentifier>
    </Filter>
    <Filter Include="src\gameObjects\buttons">
      <UniqueIdentifier>{3db1ce4b-2021-4e0d-ac7e-b76fe36c6532}</UniqueIdentifier>
    </Filter>
    <Filter Include="src\gameObjects\texts">
      <UniqueIdentifier>{870b3ae5-2974-4e90-93a2-a61a7136796c}</UniqueIdentifier>
    </Filter>
    <Filter Include="src\gameStates">
      <UniqueIdentifier>{eaa015ed-e420-4269-b6a2-cc60320ee20a}</UniqueIdentifier>
    </Filter>
    <Filter Include="src\gameObjects\staticImages">
      <UniqueIdentifier>{d2d8f37d-ccb4-42de-8306-3e3a340f215f}</UniqueIdentifier>
    </Filter>
    <Filter Include="src\structs">
      <UniqueIdentifier>{0b92871f-6238-4500-bbf6-0583ce4408fd}</UniqueIdentifier>
    </Filter>
  </ItemGroup>
  <ItemGroup>
    <ClInclude Include="src\Game.h">
      <Filter>src</Filter>
    </ClInclude>
    <ClInclude Include="src\TextureManager.h">
      <Filter>src</Filter>
    </ClInclude>
    <ClInclude Include="src\Constants.h">
      <Filter>src</Filter>
    </ClInclude>
    <ClInclude Include="src\InputHandler.h">
      <Filter>src</Filter>
    </ClInclude>
    <ClInclude Include="src\GameObjects\AnimatedGameObject.h">
      <Filter>src\gameObjects</Filter>
    </ClInclude>
    <ClInclude Include="src\GameObjects\Gem.h">
      <Filter>src\gameObjects</Filter>
    </ClInclude>
    <ClInclude Include="src\GameObjects\Background.h">
      <Filter>src\gameObjects</Filter>
    </ClInclude>
    <ClInclude Include="src\GameObjects\Board.h">
      <Filter>src\gameObjects</Filter>
    </ClInclude>
    <ClInclude Include="src\GameStates\GameState.h">
      <Filter>src\gameStates</Filter>
    </ClInclude>
    <ClInclude Include="src\GameStates\TitleScreenState.h">
      <Filter>src\gameStates</Filter>
    </ClInclude>
    <ClInclude Include="src\GameStates\PlayingState.h">
      <Filter>src\gameStates</Filter>
    </ClInclude>
    <ClInclude Include="src\GameStates\GameStateMachine.h">
      <Filter>src\gameStates</Filter>
    </ClInclude>
    <ClInclude Include="src\Animation.h">
      <Filter>src</Filter>
    </ClInclude>
    <ClInclude Include="src\GameManager.h">
      <Filter>src</Filter>
    </ClInclude>
    <ClInclude Include="src\Timer.h">
      <Filter>src</Filter>
    </ClInclude>
    <ClInclude Include="src\GameObjects\ForegroundStrip.h">
      <Filter>src\gameObjects</Filter>
    </ClInclude>
    <ClInclude Include="src\GameObjects\EndLine.h">
      <Filter>src\gameObjects</Filter>
    </ClInclude>
    <ClInclude Include="src\GameStates\PauseScreenState.h">
      <Filter>src\gameStates</Filter>
    </ClInclude>
    <ClInclude Include="src\GameStates\GameOverScreenState.h">
      <Filter>src\gameStates</Filter>
    </ClInclude>
    <ClInclude Include="src\SoundManager.h">
      <Filter>src</Filter>
    </ClInclude>
    <ClInclude Include="src\GameObjects\GameObject.h">
      <Filter>src\gameObjects</Filter>
    </ClInclude>
    <ClInclude Include="src\GameObjects\Buttons\Button.h">
      <Filter>src\gameObjects\buttons</Filter>
    </ClInclude>
    <ClInclude Include="src\GameObjects\Buttons\BigButton.h">
      <Filter>src\gameObjects\buttons</Filter>
    </ClInclude>
    <ClInclude Include="src\GameObjects\Buttons\SmallButton.h">
      <Filter>src\gameObjects\buttons</Filter>
    </ClInclude>
    <ClInclude Include="src\GameObjects\Texts\ShadowedText.h">
      <Filter>src\gameObjects\texts</Filter>
    </ClInclude>
    <ClInclude Include="src\GameObjects\Texts\Text.h">
      <Filter>src\gameObjects\texts</Filter>
    </ClInclude>
    <ClInclude Include="src\GameObjects\StaticImages\StaticImage.h">
      <Filter>src\gameObjects\staticImages</Filter>
    </ClInclude>
    <ClInclude Include="src\GameObjects\StaticImages\SmallIcon.h">
      <Filter>src\gameObjects\staticImages</Filter>
    </ClInclude>
    <ClInclude Include="src\GameObjects\Texts\VerticalShadowedText.h">
      <Filter>src\gameObjects\texts</Filter>
    </ClInclude>
    <ClInclude Include="src\GameObjects\Clock.h">
      <Filter>src\gameObjects</Filter>
    </ClInclude>
    <ClInclude Include="src\structs\Position.h">
      <Filter>src\structs</Filter>
    </ClInclude>
    <ClInclude Include="src\structs\Dimensions.h">
      <Filter>src\structs</Filter>
    </ClInclude>
    <ClInclude Include="src\structs\Sound.h">
      <Filter>src\structs</Filter>
    </ClInclude>
  </ItemGroup>
  <ItemGroup>
    <ClCompile Include="src\main.cpp">
      <Filter>src</Filter>
    </ClCompile>
    <ClCompile Include="src\Game.cpp">
      <Filter>src</Filter>
    </ClCompile>
    <ClCompile Include="src\TextureManager.cpp">
      <Filter>src</Filter>
    </ClCompile>
    <ClCompile Include="src\InputHandler.cpp">
      <Filter>src</Filter>
    </ClCompile>
    <ClCompile Include="src\GameObjects\AnimatedGameObject.cpp">
      <Filter>src\gameObjects</Filter>
    </ClCompile>
    <ClCompile Include="src\GameObjects\Gem.cpp">
      <Filter>src\gameObjects</Filter>
    </ClCompile>
    <ClCompile Include="src\GameObjects\Background.cpp">
      <Filter>src\gameObjects</Filter>
    </ClCompile>
    <ClCompile Include="src\GameObjects\Board.cpp">
      <Filter>src\gameObjects</Filter>
    </ClCompile>
    <ClCompile Include="src\GameStates\TitleScreenState.cpp">
      <Filter>src\gameStates</Filter>
    </ClCompile>
    <ClCompile Include="src\GameStates\PlayingState.cpp">
      <Filter>src\gameStates</Filter>
    </ClCompile>
    <ClCompile Include="src\GameStates\GameStateMachine.cpp">
      <Filter>src\gameStates</Filter>
    </ClCompile>
    <ClCompile Include="src\Animation.cpp">
      <Filter>src</Filter>
    </ClCompile>
    <ClCompile Include="src\GameManager.cpp">
      <Filter>src</Filter>
    </ClCompile>
    <ClCompile Include="src\Timer.cpp">
      <Filter>src</Filter>
    </ClCompile>
    <ClCompile Include="src\GameObjects\ForegroundStrip.cpp">
      <Filter>src\gameObjects</Filter>
    </ClCompile>
    <ClCompile Include="src\GameObjects\EndLine.cpp">
      <Filter>src\gameObjects</Filter>
    </ClCompile>
    <ClCompile Include="src\GameStates\PauseScreenState.cpp">
      <Filter>src\gameStates</Filter>
    </ClCompile>
    <ClCompile Include="src\GameStates\GameOverScreenState.cpp">
      <Filter>src\gameStates</Filter>
    </ClCompile>
    <ClCompile Include="src\SoundManager.cpp">
      <Filter>src</Filter>
    </ClCompile>
    <ClCompile Include="src\GameObjects\GameObject.cpp">
      <Filter>src\gameObjects</Filter>
    </ClCompile>
    <ClCompile Include="src\GameStates\GameState.cpp">
      <Filter>src\gameStates</Filter>
    </ClCompile>
    <ClCompile Include="src\GameObjects\Buttons\Button.cpp">
      <Filter>src\gameObjects\buttons</Filter>
    </ClCompile>
    <ClCompile Include="src\GameObjects\Buttons\BigButton.cpp">
      <Filter>src\gameObjects\buttons</Filter>
    </ClCompile>
    <ClCompile Include="src\GameObjects\Buttons\SmallButton.cpp">
      <Filter>src\gameObjects\buttons</Filter>
    </ClCompile>
    <ClCompile Include="src\GameObjects\Texts\Text.cpp">
      <Filter>src\gameObjects\texts</Filter>
    </ClCompile>
    <ClCompile Include="src\GameObjects\Texts\ShadowedText.cpp">
      <Filter>src\gameObjects\texts</Filter>
    </ClCompile>
    <ClCompile Include="src\GameObjects\StaticImages\StaticImage.cpp">
      <Filter>src\gameObjects\staticImages</Filter>
    </ClCompile>
    <ClCompile Include="src\GameObjects\StaticImages\SmallIcon.cpp">
      <Filter>src\gameObjects\staticImages</Filter>
    </ClCompile>
    <ClCompile Include="src\GameObjects\Texts\VerticalShadowedText.cpp">
      <Filter>src\gameObjects\texts</Filter>
    </ClCompile>
    <ClCompile Include="src\GameObjects\Clock.cpp">
      <Filter>src\gameObjects</Filter>
    </ClCompile>
  </ItemGroup>
  <ItemGroup>
    <Font Include="res\fonts\m3x6.ttf">
      <Filter>res\fonts</Filter>
    </Font>
    <Font Include="res\fonts\m6x11.ttf">
      <Filter>res\fonts</Filter>
    </Font>
  </ItemGroup>
  <ItemGroup>
    <Image Include="res\images\background.png">
      <Filter>res\images</Filter>
    </Image>
    <Image Include="res\images\foregroundstrip.png">
      <Filter>res\images</Filter>
    </Image>
    <Image Include="res\images\gems.png">
      <Filter>res\images</Filter>
    </Image>
    <Image Include="res\images\title.png">
      <Filter>res\images</Filter>
    </Image>
    <Image Include="res\images\smallbutton.png">
      <Filter>res\images</Filter>
    </Image>
    <Image Include="res\images\clock.png">
      <Filter>res\images</Filter>
    </Image>
    <Image Include="res\images\bigbutton.png">
      <Filter>res\images</Filter>
    </Image>
    <Image Include="res\images\endline.png">
      <Filter>res\images</Filter>
    </Image>
    <Image Include="res\images\iconpush.png">
      <Filter>res\images</Filter>
    </Image>
    <Image Include="res\images\iconfill.png">
      <Filter>res\images</Filter>
    </Image>
    <Image Include="res\images\iconpause.png">
      <Filter>res\images</Filter>
    </Image>
    <Image Include="res\images\iconexit.png">
      <Filter>res\images</Filter>
    </Image>
  </ItemGroup>
  <ItemGroup>
    <None Include="res\sounds\game.ogg">
      <Filter>res\sounds</Filter>
    </None>
  </ItemGroup>
  <ItemGroup>
    <Media Include="res\sounds\levelup.wav">
      <Filter>res\sounds</Filter>
    </Media>
    <Media Include="res\sounds\lose.wav">
      <Filter>res\sounds</Filter>
    </Media>
    <Media Include="res\sounds\push.wav">
      <Filter>res\sounds</Filter>
    </Media>
    <Media Include="res\sounds\select.wav">
      <Filter>res\sounds</Filter>
    </Media>
    <Media Include="res\sounds\start.wav">
      <Filter>res\sounds</Filter>
    </Media>
    <Media Include="res\sounds\titlefall.wav">
      <Filter>res\sounds</Filter>
    </Media>
    <Media Include="res\sounds\break.wav">
      <Filter>res\sounds</Filter>
    </Media>
    <Media Include="res\sounds\fill.wav">
      <Filter>res\sounds</Filter>
    </Media>
  </ItemGroup>
</Project>